
Microsoft Visual Studio Solution File, Format Version 10.00
# Visual C# Express 2008
Project("{FAE04EC0-301F-11D3-BF4B-00C04F79EFBC}") = "Books2021", "Books2021\Books2021.csproj", "{7A3A9D3B-AA6F-4A71-83CF-125D07949B75}"
EndProject
Global
	GlobalSection(SolutionConfigurationPlatforms) = preSolution
		Debug|Any CPU = Debug|Any CPU
		Release|Any CPU = Release|Any CPU
	EndGlobalSection
	GlobalSection(ProjectConfigurationPlatforms) = postSolution
		{7A3A9D3B-AA6F-4A71-83CF-125D07949B75}.Debug|Any CPU.ActiveCfg = Debug|Any CPU
		{7A3A9D3B-AA6F-4A71-83CF-125D07949B75}.Debug|Any CPU.Build.0 = Debug|Any CPU
		{7A3A9D3B-AA6F-4A71-83CF-125D07949B75}.Release|Any CPU.ActiveCfg = Release|Any CPU
		{7A3A9D3B-AA6F-4A71-83CF-125D07949B75}.Release|Any CPU.Build.0 = Release|Any CPU
	EndGlobalSection
	GlobalSection(SolutionProperties) = preSolution
		HideSolutionNode = FALSE
	EndGlobalSection
EndGlobal
